
Microsoft Visual Studio Solution File, Format Version 12.00
# Visual Studio Version 16
VisualStudioVersion = 16.0.31729.503
MinimumVisualStudioVersion = 10.0.40219.1
Project("{9A19103F-16F7-4668-BE54-9A1E7A4F7556}") = "TodoApi", "TodoApi.csproj", "{FBA78515-9F1F-42BC-A1B4-3DE43C9D28D7}"
EndProject
Global
	GlobalSection(SolutionConfigurationPlatforms) = preSolution
		Debug|Any CPU = Debug|Any CPU
		Release|Any CPU = Release|Any CPU
	EndGlobalSection
	GlobalSection(ProjectConfigurationPlatforms) = postSolution
		{FBA78515-9F1F-42BC-A1B4-3DE43C9D28D7}.Debug|Any CPU.ActiveCfg = Debug|Any CPU
		{FBA78515-9F1F-42BC-A1B4-3DE43C9D28D7}.Debug|Any CPU.Build.0 = Debug|Any CPU
		{FBA78515-9F1F-42BC-A1B4-3DE43C9D28D7}.Release|Any CPU.ActiveCfg = Release|Any CPU
		{FBA78515-9F1F-42BC-A1B4-3DE43C9D28D7}.Release|Any CPU.Build.0 = Release|Any CPU
	EndGlobalSection
	GlobalSection(SolutionProperties) = preSolution
		HideSolutionNode = FALSE
	EndGlobalSection
	GlobalSection(ExtensibilityGlobals) = postSolution
		SolutionGuid = {8EB867F0-A5DC-4DFF-B7AA-2034CB889FDD}
	EndGlobalSection
EndGlobal
